
Microsoft Visual Studio Solution File, Format Version 12.00
# Visual Studio Version 17
VisualStudioVersion = 17.10.35122.118
MinimumVisualStudioVersion = 10.0.40219.1
Project("{2150E333-8FDC-42A3-9474-1A3956D46DE8}") = "Services", "Services", "{8DEAC57F-3F5E-48E5-A0A6-8F592CE104D8}"
EndProject
Project("{2150E333-8FDC-42A3-9474-1A3956D46DE8}") = "Catalog", "Catalog", "{8D4FA0E3-EBEE-4E59-A29C-A837BE45D081}"
EndProject
Project("{9A19103F-16F7-4668-BE54-9A1E7A4F7556}") = "Catalog.API", "Services\Catalog\Catalog.API\Catalog.API.csproj", "{4BB8D103-BD59-45FC-91E0-1CB80B13FEE4}"
EndProject
Project("{2150E333-8FDC-42A3-9474-1A3956D46DE8}") = "BuildingBlocks", "BuildingBlocks", "{C61AE8B9-268C-4B93-9A15-A28E477905C1}"
EndProject
Project("{9A19103F-16F7-4668-BE54-9A1E7A4F7556}") = "BuildingBlocks", "BuildingBlocks\BuildingBlocks\BuildingBlocks.csproj", "{DDAFDA54-0B36-4BC8-9DF5-9A03C04FC5E4}"
EndProject
Project("{E53339B2-1760-4266-BCC7-CA923CBCF16C}") = "docker-compose", "docker-compose.dcproj", "{FD1239F6-5F42-4D6A-BC01-C248F671852B}"
EndProject
Project("{2150E333-8FDC-42A3-9474-1A3956D46DE8}") = "Basket", "Basket", "{BE9D6796-3F0F-4F20-8A1E-51A50CF779B4}"
EndProject
Project("{9A19103F-16F7-4668-BE54-9A1E7A4F7556}") = "Basket.API", "Services\Basket\Basket.API\Basket.API.csproj", "{17BBE19C-8D1A-4C19-A2BA-2AF1FB8B155E}"
EndProject
Project("{2150E333-8FDC-42A3-9474-1A3956D46DE8}") = "Discount", "Discount", "{99B49BA7-B061-4B78-914D-2326557C0A14}"
EndProject
Project("{9A19103F-16F7-4668-BE54-9A1E7A4F7556}") = "Discount.Grpc", "Services\Discount\Discount.Grpc\Discount.Grpc.csproj", "{A7D9F33B-CD0D-4FC7-AE77-F8F4E2BA2EE5}"
EndProject
Project("{2150E333-8FDC-42A3-9474-1A3956D46DE8}") = "Ordering", "Ordering", "{9A746D57-9455-4A79-92AF-33589003428D}"
EndProject
Project("{9A19103F-16F7-4668-BE54-9A1E7A4F7556}") = "Ordering.API", "Services\Ordering\Ordering.API\Ordering.API.csproj", "{5674FC0A-1C2D-42DA-90BD-8D646562E3FD}"
EndProject
Project("{9A19103F-16F7-4668-BE54-9A1E7A4F7556}") = "Ordering.Domain", "Services\Ordering\Ordering.Domain\Ordering.Domain.csproj", "{A94733CE-87C1-415E-BF95-B8CE327C401F}"
EndProject
Project("{9A19103F-16F7-4668-BE54-9A1E7A4F7556}") = "Ordering.Application", "Services\Ordering\Ordering.Application\Ordering.Application.csproj", "{E68C67D4-0E80-4E7B-978F-B0597EA48D33}"
EndProject
Project("{9A19103F-16F7-4668-BE54-9A1E7A4F7556}") = "Ordering.Infrastructure", "Services\Ordering\Ordering.Infrastructure\Ordering.Infrastructure.csproj", "{7D28E1B8-FF46-4C0C-9137-655844953EE5}"
EndProject
Project("{FAE04EC0-301F-11D3-BF4B-00C04F79EFBC}") = "BuildingBlocks.Messaging", "BuildingBlocks\BuildingBlocks.Messaging\BuildingBlocks.Messaging.csproj", "{4ADCE458-0688-4182-9CAD-052E141C23F5}"
EndProject
Global
	GlobalSection(SolutionConfigurationPlatforms) = preSolution
		Debug|Any CPU = Debug|Any CPU
		Release|Any CPU = Release|Any CPU
	EndGlobalSection
	GlobalSection(ProjectConfigurationPlatforms) = postSolution
		{4BB8D103-BD59-45FC-91E0-1CB80B13FEE4}.Debug|Any CPU.ActiveCfg = Debug|Any CPU
		{4BB8D103-BD59-45FC-91E0-1CB80B13FEE4}.Debug|Any CPU.Build.0 = Debug|Any CPU
		{4BB8D103-BD59-45FC-91E0-1CB80B13FEE4}.Release|Any CPU.ActiveCfg = Release|Any CPU
		{4BB8D103-BD59-45FC-91E0-1CB80B13FEE4}.Release|Any CPU.Build.0 = Release|Any CPU
		{DDAFDA54-0B36-4BC8-9DF5-9A03C04FC5E4}.Debug|Any CPU.ActiveCfg = Debug|Any CPU
		{DDAFDA54-0B36-4BC8-9DF5-9A03C04FC5E4}.Debug|Any CPU.Build.0 = Debug|Any CPU
		{DDAFDA54-0B36-4BC8-9DF5-9A03C04FC5E4}.Release|Any CPU.ActiveCfg = Release|Any CPU
		{DDAFDA54-0B36-4BC8-9DF5-9A03C04FC5E4}.Release|Any CPU.Build.0 = Release|Any CPU
		{FD1239F6-5F42-4D6A-BC01-C248F671852B}.Debug|Any CPU.ActiveCfg = Debug|Any CPU
		{FD1239F6-5F42-4D6A-BC01-C248F671852B}.Debug|Any CPU.Build.0 = Debug|Any CPU
		{FD1239F6-5F42-4D6A-BC01-C248F671852B}.Release|Any CPU.ActiveCfg = Release|Any CPU
		{FD1239F6-5F42-4D6A-BC01-C248F671852B}.Release|Any CPU.Build.0 = Release|Any CPU
		{17BBE19C-8D1A-4C19-A2BA-2AF1FB8B155E}.Debug|Any CPU.ActiveCfg = Debug|Any CPU
		{17BBE19C-8D1A-4C19-A2BA-2AF1FB8B155E}.Debug|Any CPU.Build.0 = Debug|Any CPU
		{17BBE19C-8D1A-4C19-A2BA-2AF1FB8B155E}.Release|Any CPU.ActiveCfg = Release|Any CPU
		{17BBE19C-8D1A-4C19-A2BA-2AF1FB8B155E}.Release|Any CPU.Build.0 = Release|Any CPU
		{A7D9F33B-CD0D-4FC7-AE77-F8F4E2BA2EE5}.Debug|Any CPU.ActiveCfg = Debug|Any CPU
		{A7D9F33B-CD0D-4FC7-AE77-F8F4E2BA2EE5}.Debug|Any CPU.Build.0 = Debug|Any CPU
		{A7D9F33B-CD0D-4FC7-AE77-F8F4E2BA2EE5}.Release|Any CPU.ActiveCfg = Release|Any CPU
		{A7D9F33B-CD0D-4FC7-AE77-F8F4E2BA2EE5}.Release|Any CPU.Build.0 = Release|Any CPU
		{5674FC0A-1C2D-42DA-90BD-8D646562E3FD}.Debug|Any CPU.ActiveCfg = Debug|Any CPU
		{5674FC0A-1C2D-42DA-90BD-8D646562E3FD}.Debug|Any CPU.Build.0 = Debug|Any CPU
		{5674FC0A-1C2D-42DA-90BD-8D646562E3FD}.Release|Any CPU.ActiveCfg = Release|Any CPU
		{5674FC0A-1C2D-42DA-90BD-8D646562E3FD}.Release|Any CPU.Build.0 = Release|Any CPU
		{A94733CE-87C1-415E-BF95-B8CE327C401F}.Debug|Any CPU.ActiveCfg = Debug|Any CPU
		{A94733CE-87C1-415E-BF95-B8CE327C401F}.Debug|Any CPU.Build.0 = Debug|Any CPU
		{A94733CE-87C1-415E-BF95-B8CE327C401F}.Release|Any CPU.ActiveCfg = Release|Any CPU
		{A94733CE-87C1-415E-BF95-B8CE327C401F}.Release|Any CPU.Build.0 = Release|Any CPU
		{E68C67D4-0E80-4E7B-978F-B0597EA48D33}.Debug|Any CPU.ActiveCfg = Debug|Any CPU
		{E68C67D4-0E80-4E7B-978F-B0597EA48D33}.Debug|Any CPU.Build.0 = Debug|Any CPU
		{E68C67D4-0E80-4E7B-978F-B0597EA48D33}.Release|Any CPU.ActiveCfg = Release|Any CPU
		{E68C67D4-0E80-4E7B-978F-B0597EA48D33}.Release|Any CPU.Build.0 = Release|Any CPU
		{7D28E1B8-FF46-4C0C-9137-655844953EE5}.Debug|Any CPU.ActiveCfg = Debug|Any CPU
		{7D28E1B8-FF46-4C0C-9137-655844953EE5}.Debug|Any CPU.Build.0 = Debug|Any CPU
		{7D28E1B8-FF46-4C0C-9137-655844953EE5}.Release|Any CPU.ActiveCfg = Release|Any CPU
		{7D28E1B8-FF46-4C0C-9137-655844953EE5}.Release|Any CPU.Build.0 = Release|Any CPU
		{4ADCE458-0688-4182-9CAD-052E141C23F5}.Debug|Any CPU.ActiveCfg = Debug|Any CPU
		{4ADCE458-0688-4182-9CAD-052E141C23F5}.Debug|Any CPU.Build.0 = Debug|Any CPU
		{4ADCE458-0688-4182-9CAD-052E141C23F5}.Release|Any CPU.ActiveCfg = Release|Any CPU
		{4ADCE458-0688-4182-9CAD-052E141C23F5}.Release|Any CPU.Build.0 = Release|Any CPU
	EndGlobalSection
	GlobalSection(SolutionProperties) = preSolution
		HideSolutionNode = FALSE
	EndGlobalSection
	GlobalSection(NestedProjects) = preSolution
		{8D4FA0E3-EBEE-4E59-A29C-A837BE45D081} = {8DEAC57F-3F5E-48E5-A0A6-8F592CE104D8}
		{4BB8D103-BD59-45FC-91E0-1CB80B13FEE4} = {8D4FA0E3-EBEE-4E59-A29C-A837BE45D081}
		{DDAFDA54-0B36-4BC8-9DF5-9A03C04FC5E4} = {C61AE8B9-268C-4B93-9A15-A28E477905C1}
		{BE9D6796-3F0F-4F20-8A1E-51A50CF779B4} = {8DEAC57F-3F5E-48E5-A0A6-8F592CE104D8}
		{17BBE19C-8D1A-4C19-A2BA-2AF1FB8B155E} = {BE9D6796-3F0F-4F20-8A1E-51A50CF779B4}
		{99B49BA7-B061-4B78-914D-2326557C0A14} = {8DEAC57F-3F5E-48E5-A0A6-8F592CE104D8}
		{A7D9F33B-CD0D-4FC7-AE77-F8F4E2BA2EE5} = {99B49BA7-B061-4B78-914D-2326557C0A14}
		{9A746D57-9455-4A79-92AF-33589003428D} = {8DEAC57F-3F5E-48E5-A0A6-8F592CE104D8}
		{5674FC0A-1C2D-42DA-90BD-8D646562E3FD} = {9A746D57-9455-4A79-92AF-33589003428D}
		{A94733CE-87C1-415E-BF95-B8CE327C401F} = {9A746D57-9455-4A79-92AF-33589003428D}
		{E68C67D4-0E80-4E7B-978F-B0597EA48D33} = {9A746D57-9455-4A79-92AF-33589003428D}
		{7D28E1B8-FF46-4C0C-9137-655844953EE5} = {9A746D57-9455-4A79-92AF-33589003428D}
		{4ADCE458-0688-4182-9CAD-052E141C23F5} = {C61AE8B9-268C-4B93-9A15-A28E477905C1}
	EndGlobalSection
	GlobalSection(ExtensibilityGlobals) = postSolution
		SolutionGuid = {552D4CBA-81D1-4A2F-B694-A596C0C1D015}
	EndGlobalSection
EndGlobal
